<?xml version="1.0" encoding="utf-8"?>
<Project ToolsVersion="4.0" xmlns="http://schemas.microsoft.com/developer/msbuild/2003">
  <ItemGroup>
    <Filter Include="Resource Files">
      <UniqueIdentifier>{67DA6AB6-F800-4c08-8B7A-83BB121AAD01}</UniqueIdentifier>
      <Extensions>rc;ico;cur;bmp;dlg;rc2;rct;bin;rgs;gif;jpg;jpeg;jpe;resx;tiff;tif;png;wav;mfcribbon-ms</Extensions>
    </Filter>
  </ItemGroup>
  <ItemGroup>
    <ClCompile Include="src\Audio\Audio.cpp" />
    <ClCompile Include="src\Core\Config.cpp" />
    <ClCompile Include="src\Core\Math.cpp" />
    <ClCompile Include="src\Core\Timer.cpp" />
    <ClCompile Include="src\Input\Input.cpp" />
    <ClCompile Include="src\Input\InputController.cpp" />
    <ClCompile Include="src\Input\InputKeyboard.cpp" />
    <ClCompile Include="src\Libs\RichText\RichText.cpp" />
    <ClCompile Include="src\Physics\ContactListener.cpp" />
    <ClCompile Include="src\Physics\DebugDrawer.cpp" />
    <ClCompile Include="src\Physics\PhysicsWorld.cpp" />
    <ClCompile Include="src\Physics\RaycastCallback.cpp" />
    <ClCompile Include="src\Physics\RigidBody.cpp" />
    <ClCompile Include="src\Physics\StaticBody.cpp" />
    <ClCompile Include="src\Scene\Overworld\Bullet.cpp" />
    <ClCompile Include="src\Scene\Overworld\Drone.cpp" />
    <ClCompile Include="src\Scene\Overworld\GameplayVars.cpp" />
    <ClCompile Include="src\Scene\Overworld\Hud.cpp" />
    <ClCompile Include="src\Scene\Overworld\Merchant.cpp" />
    <ClCompile Include="src\Scene\Overworld\Objective.cpp" />
    <ClCompile Include="src\Scene\Overworld\PauseMenu.cpp" />
    <ClCompile Include="src\Scene\Overworld\Planet.cpp" />
    <ClCompile Include="src\Scene\Overworld\Player.cpp" />
    <ClCompile Include="src\Scene\Overworld\Spacecraft.cpp" />
    <ClCompile Include="src\Scene\Overworld\Store.cpp" />
    <ClCompile Include="src\Scene\Overworld\StoreItem.cpp" />
    <ClCompile Include="src\Scene\UI\Label.cpp" />
    <ClCompile Include="src\Scene\UI\ProgressBar.cpp" />
    <ClCompile Include="src\Scene\MainMenu.cpp" />
    <ClCompile Include="src\Scene\Menu.cpp" />
    <ClCompile Include="src\Scene\Overworld.cpp" />
    <ClCompile Include="src\Scene\Scene.cpp" />
    <ClCompile Include="src\Scene\SceneObject.cpp" />
    <ClCompile Include="src\Scene\Tutorial.cpp" />
    <ClCompile Include="src\Visual\Mesh.cpp" />
    <ClCompile Include="src\Visual\Trail.cpp" />
    <ClCompile Include="src\Game.cpp" />
    <ClCompile Include="src\main.cpp" />
    <ClCompile Include="src\Random.cpp" />
    <ClCompile Include="src\Renderer.cpp" />
    <ClCompile Include="src\Scene\StarBackground.cpp" />
    <ClCompile Include="src\Visual\Thruster.cpp" />
    <ClCompile Include="src\Scene\Overworld\Explosion.cpp" />
    <ClCompile Include="src\Scene\Overworld\Rocket.cpp" />
  </ItemGroup>
  <ItemGroup>
    <ClInclude Include="src\Audio\Audio.hpp" />
    <ClInclude Include="src\Core\Config.hpp" />
    <ClInclude Include="src\Core\Math.hpp" />
    <ClInclude Include="src\Core\Timer.hpp" />
    <ClInclude Include="src\Core\Types.hpp" />
    <ClInclude Include="src\Input\Actions.hpp" />
    <ClInclude Include="src\Input\Input.hpp" />
    <ClInclude Include="src\Input\InputController.hpp" />
    <ClInclude Include="src\Input\InputKeyboard.hpp" />
    <ClInclude Include="src\Input\InputService.hpp" />
    <ClInclude Include="src\Libs\box2d\b2_block_allocator.h" />
    <ClInclude Include="src\Libs\box2d\b2_body.h" />
    <ClInclude Include="src\Libs\box2d\b2_broad_phase.h" />
    <ClInclude Include="src\Libs\box2d\b2_chain_shape.h" />
    <ClInclude Include="src\Libs\box2d\b2_circle_shape.h" />
    <ClInclude Include="src\Libs\box2d\b2_collision.h" />
    <ClInclude Include="src\Libs\box2d\b2_contact.h" />
    <ClInclude Include="src\Libs\box2d\b2_contact_manager.h" />
    <ClInclude Include="src\Libs\box2d\b2_distance.h" />
    <ClInclude Include="src\Libs\box2d\b2_distance_joint.h" />
    <ClInclude Include="src\Libs\box2d\b2_draw.h" />
    <ClInclude Include="src\Libs\box2d\b2_dynamic_tree.h" />
    <ClInclude Include="src\Libs\box2d\b2_edge_shape.h" />
    <ClInclude Include="src\Libs\box2d\b2_fixture.h" />
    <ClInclude Include="src\Libs\box2d\b2_friction_joint.h" />
    <ClInclude Include="src\Libs\box2d\b2_gear_joint.h" />
    <ClInclude Include="src\Libs\box2d\b2_growable_stack.h" />
    <ClInclude Include="src\Libs\box2d\b2_joint.h" />
    <ClInclude Include="src\Libs\box2d\b2_math.h" />
    <ClInclude Include="src\Libs\box2d\b2_motor_joint.h" />
    <ClInclude Include="src\Libs\box2d\b2_mouse_joint.h" />
    <ClInclude Include="src\Libs\box2d\b2_polygon_shape.h" />
    <ClInclude Include="src\Libs\box2d\b2_prismatic_joint.h" />
    <ClInclude Include="src\Libs\box2d\b2_pulley_joint.h" />
    <ClInclude Include="src\Libs\box2d\b2_revolute_joint.h" />
    <ClInclude Include="src\Libs\box2d\b2_rope.h" />
    <ClInclude Include="src\Libs\box2d\b2_rope_joint.h" />
    <ClInclude Include="src\Libs\box2d\b2_settings.h" />
    <ClInclude Include="src\Libs\box2d\b2_shape.h" />
    <ClInclude Include="src\Libs\box2d\b2_stack_allocator.h" />
    <ClInclude Include="src\Libs\box2d\b2_time_of_impact.h" />
    <ClInclude Include="src\Libs\box2d\b2_time_step.h" />
    <ClInclude Include="src\Libs\box2d\b2_timer.h" />
    <ClInclude Include="src\Libs\box2d\b2_weld_joint.h" />
    <ClInclude Include="src\Libs\box2d\b2_wheel_joint.h" />
    <ClInclude Include="src\Libs\box2d\b2_world.h" />
    <ClInclude Include="src\Libs\box2d\b2_world_callbacks.h" />
    <ClInclude Include="src\Libs\box2d\box2d.h" />
    <ClInclude Include="src\Libs\RichText\RichText.hpp" />
    <ClInclude Include="src\Libs\stb_perlin.h" />
    <ClInclude Include="src\Physics\ContactListener.hpp" />
    <ClInclude Include="src\Physics\DebugDrawer.hpp" />
    <ClInclude Include="src\Physics\PhysicsWorld.hpp" />
    <ClInclude Include="src\Physics\RaycastCallback.hpp" />
    <ClInclude Include="src\Physics\RigidBody.hpp" />
    <ClInclude Include="src\Physics\StaticBody.hpp" />
    <ClInclude Include="src\Scene\Overworld\Bullet.hpp" />
    <ClInclude Include="src\Scene\Overworld\Drone.hpp" />
    <ClInclude Include="src\Scene\Overworld\GameplayVars.hpp" />
    <ClInclude Include="src\Scene\Overworld\Hud.hpp" />
    <ClInclude Include="src\Scene\Overworld\Merchant.hpp" />
    <ClInclude Include="src\Scene\Overworld\Objective.hpp" />
    <ClInclude Include="src\Scene\Overworld\PauseMenu.hpp" />
    <ClInclude Include="src\Scene\Overworld\Planet.hpp" />
    <ClInclude Include="src\Scene\Overworld\Player.hpp" />
    <ClInclude Include="src\Scene\Overworld\Spacecraft.hpp" />
    <ClInclude Include="src\Scene\Overworld\Store.hpp" />
    <ClInclude Include="src\Scene\Overworld\StoreItem.hpp" />
    <ClInclude Include="src\Scene\UI\Label.hpp" />
    <ClInclude Include="src\Scene\UI\ProgressBar.hpp" />
    <ClInclude Include="src\Scene\MainMenu.hpp" />
    <ClInclude Include="src\Scene\Menu.hpp" />
    <ClInclude Include="src\Scene\Overworld.hpp" />
    <ClInclude Include="src\Scene\Scene.hpp" />
    <ClInclude Include="src\Scene\SceneObject.hpp" />
    <ClInclude Include="src\Scene\StarBackground.hpp" />
    <ClInclude Include="src\Scene\Tutorial.hpp" />
    <ClInclude Include="src\Visual\Mesh.hpp" />
    <ClInclude Include="src\Visual\Trail.hpp" />
    <ClInclude Include="src\Game.hpp" />
    <ClInclude Include="src\Random.hpp" />
    <ClInclude Include="src\Renderer.hpp" />
    <ClInclude Include="src\Visual\Thruster.hpp" />
    <ClInclude Include="src\Scene\Overworld\Explosion.hpp" />
    <ClInclude Include="src\Scene\Overworld\Rocket.hpp" />
  </ItemGroup>
</Project>